
Microsoft Visual Studio Solution File, Format Version 12.00
# Visual Studio Version 17
VisualStudioVersion = 17.11.35222.181
MinimumVisualStudioVersion = 10.0.40219.1
Project("{FAE04EC0-301F-11D3-BF4B-00C04F79EFBC}") = "Lib_8", "Lib_8\Lib_8.csproj", "{9F9AE32A-5D6A-4737-8A3A-5D73794719E9}"
EndProject
Global
	GlobalSection(SolutionConfigurationPlatforms) = preSolution
		Debug|Any CPU = Debug|Any CPU
		Release|Any CPU = Release|Any CPU
	EndGlobalSection
	GlobalSection(ProjectConfigurationPlatforms) = postSolution
		{9F9AE32A-5D6A-4737-8A3A-5D73794719E9}.Debug|Any CPU.ActiveCfg = Debug|Any CPU
		{9F9AE32A-5D6A-4737-8A3A-5D73794719E9}.Debug|Any CPU.Build.0 = Debug|Any CPU
		{9F9AE32A-5D6A-4737-8A3A-5D73794719E9}.Release|Any CPU.ActiveCfg = Release|Any CPU
		{9F9AE32A-5D6A-4737-8A3A-5D73794719E9}.Release|Any CPU.Build.0 = Release|Any CPU
	EndGlobalSection
	GlobalSection(SolutionProperties) = preSolution
		HideSolutionNode = FALSE
	EndGlobalSection
	GlobalSection(ExtensibilityGlobals) = postSolution
		SolutionGuid = {2721D44F-7719-4A75-8829-5617FA587B63}
	EndGlobalSection
EndGlobal
